
Microsoft Visual Studio Solution File, Format Version 12.00
# Visual Studio Version 17
VisualStudioVersion = 17.3.32922.545
MinimumVisualStudioVersion = 10.0.40219.1
Project("{FAE04EC0-301F-11D3-BF4B-00C04F79EFBC}") = "WikipediaTraductor", "WikipediaTraductor.csproj", "{8F1ABD23-285A-4A1F-A470-068449A01014}"
EndProject
Global
	GlobalSection(SolutionConfigurationPlatforms) = preSolution
		Debug|Any CPU = Debug|Any CPU
		Release|Any CPU = Release|Any CPU
	EndGlobalSection
	GlobalSection(ProjectConfigurationPlatforms) = postSolution
		{8F1ABD23-285A-4A1F-A470-068449A01014}.Debug|Any CPU.ActiveCfg = Debug|Any CPU
		{8F1ABD23-285A-4A1F-A470-068449A01014}.Debug|Any CPU.Build.0 = Debug|Any CPU
		{8F1ABD23-285A-4A1F-A470-068449A01014}.Release|Any CPU.ActiveCfg = Release|Any CPU
		{8F1ABD23-285A-4A1F-A470-068449A01014}.Release|Any CPU.Build.0 = Release|Any CPU
	EndGlobalSection
	GlobalSection(SolutionProperties) = preSolution
		HideSolutionNode = FALSE
	EndGlobalSection
	GlobalSection(ExtensibilityGlobals) = postSolution
		SolutionGuid = {776B01F3-C76F-4654-9B86-D2E02C27CB3F}
	EndGlobalSection
EndGlobal
